// !$*UTF8*$!
{
	archiveVersion = 1;
	classes = {
	};
	objectVersion = 46;
	objects = {

/* Begin PBXBuildFile section */
		03150128166EB4960025F1F7 /* assets in Resources */ = {isa = PBXBuildFile; fileRef = 03150125166EB4960025F1F7 /* assets */; };
		03150129166EB4960025F1F7 /* scripts in Resources */ = {isa = PBXBuildFile; fileRef = 03150126166EB4960025F1F7 /* scripts */; };
		0315012A166EB4960025F1F7 /* src in Resources */ = {isa = PBXBuildFile; fileRef = 03150127166EB4960025F1F7 /* src */; };
		033FE87D1680C0CD00F370BB /* NavigationBar.xib in Resources */ = {isa = PBXBuildFile; fileRef = 033FE87C1680C0CD00F370BB /* NavigationBar.xib */; };
		0346ACC1166EB0E000A00BC4 /* UIKit.framework in Frameworks */ = {isa = PBXBuildFile; fileRef = 0346ACC0166EB0E000A00BC4 /* UIKit.framework */; };
		0346ACC3166EB0E000A00BC4 /* Foundation.framework in Frameworks */ = {isa = PBXBuildFile; fileRef = 0346ACC2166EB0E000A00BC4 /* Foundation.framework */; };
		0346ACC5166EB0E000A00BC4 /* CoreGraphics.framework in Frameworks */ = {isa = PBXBuildFile; fileRef = 0346ACC4166EB0E000A00BC4 /* CoreGraphics.framework */; };
		0346ACCB166EB0E000A00BC4 /* InfoPlist.strings in Resources */ = {isa = PBXBuildFile; fileRef = 0346ACC9166EB0E000A00BC4 /* InfoPlist.strings */; };
		0346ACCD166EB0E000A00BC4 /* main.m in Sources */ = {isa = PBXBuildFile; fileRef = 0346ACCC166EB0E000A00BC4 /* main.m */; };
		0346ACD3166EB0E000A00BC4 /* Default.png in Resources */ = {isa = PBXBuildFile; fileRef = 0346ACD2166EB0E000A00BC4 /* Default.png */; };
		0346ACD5166EB0E000A00BC4 /* Default@2x.png in Resources */ = {isa = PBXBuildFile; fileRef = 0346ACD4166EB0E000A00BC4 /* Default@2x.png */; };
		0346ACD7166EB0E000A00BC4 /* Default-568h@2x.png in Resources */ = {isa = PBXBuildFile; fileRef = 0346ACD6166EB0E000A00BC4 /* Default-568h@2x.png */; };
		0348A7E31679497B00BDC6A3 /* QuartzCore.framework in Frameworks */ = {isa = PBXBuildFile; fileRef = 0348A7E21679497B00BDC6A3 /* QuartzCore.framework */; };
		0348A7F916794AA700BDC6A3 /* libz.dylib in Frameworks */ = {isa = PBXBuildFile; fileRef = 0348A7F816794AA700BDC6A3 /* libz.dylib */; };
		03FE777F167FC6F8007880E1 /* GameIntroView.xib in Resources */ = {isa = PBXBuildFile; fileRef = 03FE777E167FC6F8007880E1 /* GameIntroView.xib */; };
		03FE7792167FD521007880E1 /* data.plist in Resources */ = {isa = PBXBuildFile; fileRef = 03FE7791167FD521007880E1 /* data.plist */; };
		7CA440776EC534B3540FB8EC /* UIColor+Utils.m in Sources */ = {isa = PBXBuildFile; fileRef = 7CA449AB0EEA64E50D9B7E84 /* UIColor+Utils.m */; };
		7CA440E254B01B33FE39F442 /* BasicViewController.m in Sources */ = {isa = PBXBuildFile; fileRef = 7CA442990F2AA1E997E6A4E1 /* BasicViewController.m */; };
		7CA4415ADF7573D4378B298C /* libTestFlight.a in Frameworks */ = {isa = PBXBuildFile; fileRef = 7CA44A597255E591874F395D /* libTestFlight.a */; };
		7CA441F29B57A8FA76255435 /* SaveToDocuments.m in Sources */ = {isa = PBXBuildFile; fileRef = 7CA449140D01EB85726D8D17 /* SaveToDocuments.m */; };
		7CA4440A343B1402518E4DC4 /* BasicView.m in Sources */ = {isa = PBXBuildFile; fileRef = 7CA44C54A3156CA9E9116E42 /* BasicView.m */; };
		7CA444EFC09F4ACD21C2075D /* BasicLibrary.m in Sources */ = {isa = PBXBuildFile; fileRef = 7CA440002B6DADB5E265A341 /* BasicLibrary.m */; };
		7CA445406D3E75AAF6043038 /* sucessItems.plist in Resources */ = {isa = PBXBuildFile; fileRef = 7CA44980FE87FCCAA06DE2B5 /* sucessItems.plist */; };
		7CA445EDB0F9FFA969AAB05D /* SMPageControl.m in Sources */ = {isa = PBXBuildFile; fileRef = 7CA4483B1E625AB9B288C093 /* SMPageControl.m */; };
		7CA44620779D3129B47EEB21 /* BasicWhiteView.m in Sources */ = {isa = PBXBuildFile; fileRef = 7CA442FB9EFA1F904332F21F /* BasicWhiteView.m */; };
		7CA446617542C572C67264A0 /* TableRowObject.m in Sources */ = {isa = PBXBuildFile; fileRef = 7CA44AFDF317F3DDC298D272 /* TableRowObject.m */; };
		7CA4467DA3E6DD6301C4CDAA /* MainStoryboard.storyboard in Resources */ = {isa = PBXBuildFile; fileRef = 7CA44014CCBC3A38320655B2 /* MainStoryboard.storyboard */; };
		7CA446C63D29BBAA3CE5B8A8 /* NavigationBar.m in Sources */ = {isa = PBXBuildFile; fileRef = 7CA4426399B9C8620230B71F /* NavigationBar.m */; };
		7CA446D67311D0A6D76D7D45 /* TextField.m in Sources */ = {isa = PBXBuildFile; fileRef = 7CA44BA0A8AF0F496DA50559 /* TextField.m */; };
		7CA447311154A76C89947D6A /* MainStoryboard-iPad.storyboard in Resources */ = {isa = PBXBuildFile; fileRef = 7CA44796EB68CEAD388DFE4B /* MainStoryboard-iPad.storyboard */; };
		7CA447A5308915D7E620B4A0 /* UIView+Utils.m in Sources */ = {isa = PBXBuildFile; fileRef = 7CA44D9F87CCD8B9679F1F2F /* UIView+Utils.m */; };
		7CA447B89EEE978B2490D2BE /* FadePopSegue.m in Sources */ = {isa = PBXBuildFile; fileRef = 7CA443DB00AFD572F2507D89 /* FadePopSegue.m */; };
		7CA4482FDE62A01D41B9E656 /* VeryBasicViewController.m in Sources */ = {isa = PBXBuildFile; fileRef = 7CA44D8F8408EA95DDA9C41C /* VeryBasicViewController.m */; };
		7CA448862A67B04F9282C516 /* FadeSegue.m in Sources */ = {isa = PBXBuildFile; fileRef = 7CA4410F635493B84B31AEC0 /* FadeSegue.m */; };
		7CA449A2BD72FBBBC073F151 /* TableSection.m in Sources */ = {isa = PBXBuildFile; fileRef = 7CA44BA33B63A9E57E509D2C /* TableSection.m */; };
		7CA44B0A1B601296C72962A6 /* LoginViewController.m in Sources */ = {isa = PBXBuildFile; fileRef = 7CA440E563D2F0A2B1B17E26 /* LoginViewController.m */; };
		7CA44B1B3467798FF75BC435 /* CBLayer.m in Sources */ = {isa = PBXBuildFile; fileRef = 7CA4493BD6ACF6FEA66A39F9 /* CBLayer.m */; };
		7CA44C7BD5DE11418AE7DA65 /* NSString+Utils.m in Sources */ = {isa = PBXBuildFile; fileRef = 7CA44413B0B4516C0AB86E04 /* NSString+Utils.m */; };
		7CA44E1961E49C8E043CA613 /* BasicOperation.m in Sources */ = {isa = PBXBuildFile; fileRef = 7CA44F4C3BAB96C5940B8B7A /* BasicOperation.m */; };
		7CA44E2204AFBF78BCA6CB11 /* DeviceUtils.m in Sources */ = {isa = PBXBuildFile; fileRef = 7CA44116AECDAA68C3ECB890 /* DeviceUtils.m */; };
		7CA44E7E7FB6C20E1857B39F /* AppDelegate.m in Sources */ = {isa = PBXBuildFile; fileRef = 7CA4414DF1A9060CE207108B /* AppDelegate.m */; };
		7CA44EE395A2AA60A31497A0 /* BasicModel.m in Sources */ = {isa = PBXBuildFile; fileRef = 7CA44C33806448F4A0C2A111 /* BasicModel.m */; };
		7CA44F7CF463A45366031903 /* BasicGameViewController.m in Sources */ = {isa = PBXBuildFile; fileRef = 7CA44264604AD8DAB2288331 /* BasicGameViewController.m */; };
		7CA44FB16A4A79AA19F1C403 /* GameIntroView.m in Sources */ = {isa = PBXBuildFile; fileRef = 7CA44885B9DFB52AF710F452 /* GameIntroView.m */; };
		7CA44FFDE73B695A02476E21 /* Model.m in Sources */ = {isa = PBXBuildFile; fileRef = 7CA44D5706437760E20A9845 /* Model.m */; };
/* End PBXBuildFile section */

/* Begin PBXFileReference section */
		03150125166EB4960025F1F7 /* assets */ = {isa = PBXFileReference; lastKnownFileType = folder; path = assets; sourceTree = "<group>"; };
		03150126166EB4960025F1F7 /* scripts */ = {isa = PBXFileReference; lastKnownFileType = folder; path = scripts; sourceTree = "<group>"; };
		03150127166EB4960025F1F7 /* src */ = {isa = PBXFileReference; lastKnownFileType = folder; path = src; sourceTree = "<group>"; };
		033FE87C1680C0CD00F370BB /* NavigationBar.xib */ = {isa = PBXFileReference; fileEncoding = 4; lastKnownFileType = file.xib; name = NavigationBar.xib; path = src/xibs/NavigationBar.xib; sourceTree = "<group>"; };
		0346ACBC166EB0E000A00BC4 /* IADT.app */ = {isa = PBXFileReference; explicitFileType = wrapper.application; includeInIndex = 0; path = IADT.app; sourceTree = BUILT_PRODUCTS_DIR; };
		0346ACC0166EB0E000A00BC4 /* UIKit.framework */ = {isa = PBXFileReference; lastKnownFileType = wrapper.framework; name = UIKit.framework; path = System/Library/Frameworks/UIKit.framework; sourceTree = SDKROOT; };
		0346ACC2166EB0E000A00BC4 /* Foundation.framework */ = {isa = PBXFileReference; lastKnownFileType = wrapper.framework; name = Foundation.framework; path = System/Library/Frameworks/Foundation.framework; sourceTree = SDKROOT; };
		0346ACC4166EB0E000A00BC4 /* CoreGraphics.framework */ = {isa = PBXFileReference; lastKnownFileType = wrapper.framework; name = CoreGraphics.framework; path = System/Library/Frameworks/CoreGraphics.framework; sourceTree = SDKROOT; };
		0346ACC8166EB0E000A00BC4 /* IADT-Info.plist */ = {isa = PBXFileReference; lastKnownFileType = text.plist.xml; path = "IADT-Info.plist"; sourceTree = "<group>"; };
		0346ACCA166EB0E000A00BC4 /* en */ = {isa = PBXFileReference; lastKnownFileType = text.plist.strings; name = en; path = en.lproj/InfoPlist.strings; sourceTree = "<group>"; };
		0346ACCC166EB0E000A00BC4 /* main.m */ = {isa = PBXFileReference; lastKnownFileType = sourcecode.c.objc; path = main.m; sourceTree = "<group>"; };
		0346ACCE166EB0E000A00BC4 /* IADT-Prefix.pch */ = {isa = PBXFileReference; lastKnownFileType = sourcecode.c.h; path = "IADT-Prefix.pch"; sourceTree = "<group>"; };
		0346ACD2166EB0E000A00BC4 /* Default.png */ = {isa = PBXFileReference; lastKnownFileType = image.png; path = Default.png; sourceTree = "<group>"; };
		0346ACD4166EB0E000A00BC4 /* Default@2x.png */ = {isa = PBXFileReference; lastKnownFileType = image.png; path = "Default@2x.png"; sourceTree = "<group>"; };
		0346ACD6166EB0E000A00BC4 /* Default-568h@2x.png */ = {isa = PBXFileReference; lastKnownFileType = image.png; path = "Default-568h@2x.png"; sourceTree = "<group>"; };
		0348A7E21679497B00BDC6A3 /* QuartzCore.framework */ = {isa = PBXFileReference; lastKnownFileType = wrapper.framework; name = QuartzCore.framework; path = System/Library/Frameworks/QuartzCore.framework; sourceTree = SDKROOT; };
		0348A7F816794AA700BDC6A3 /* libz.dylib */ = {isa = PBXFileReference; lastKnownFileType = "compiled.mach-o.dylib"; name = libz.dylib; path = usr/lib/libz.dylib; sourceTree = SDKROOT; };
		03FE777E167FC6F8007880E1 /* GameIntroView.xib */ = {isa = PBXFileReference; fileEncoding = 4; lastKnownFileType = file.xib; name = GameIntroView.xib; path = src/xibs/GameIntroView.xib; sourceTree = "<group>"; };
		03FE7791167FD521007880E1 /* data.plist */ = {isa = PBXFileReference; fileEncoding = 4; lastKnownFileType = text.plist.xml; name = data.plist; path = assets/_plists/data.plist; sourceTree = "<group>"; };
		7CA440002B6DADB5E265A341 /* BasicLibrary.m */ = {isa = PBXFileReference; fileEncoding = 4; lastKnownFileType = sourcecode.c.objc; name = BasicLibrary.m; path = src/models/BasicLibrary.m; sourceTree = "<group>"; };
		7CA4400AD444B389E28A8689 /* SMPageControl.h */ = {isa = PBXFileReference; fileEncoding = 4; lastKnownFileType = sourcecode.c.h; name = SMPageControl.h; path = src/toolkit/SMPageControl/SMPageControl.h; sourceTree = "<group>"; };
		7CA44014CCBC3A38320655B2 /* MainStoryboard.storyboard */ = {isa = PBXFileReference; lastKnownFileType = file.storyboard; name = MainStoryboard.storyboard; path = src/iadt/nibs/MainStoryboard.storyboard; sourceTree = "<group>"; };
		7CA4406241E474C59116F5DE /* GameIntroView.h */ = {isa = PBXFileReference; fileEncoding = 4; lastKnownFileType = sourcecode.c.h; name = GameIntroView.h; path = src/iadt/views/GameIntroView.h; sourceTree = "<group>"; };
		7CA440E563D2F0A2B1B17E26 /* LoginViewController.m */ = {isa = PBXFileReference; fileEncoding = 4; lastKnownFileType = sourcecode.c.objc; name = LoginViewController.m; path = src/iadt/viewcontrollers/LoginViewController.m; sourceTree = "<group>"; };
		7CA4410F635493B84B31AEC0 /* FadeSegue.m */ = {isa = PBXFileReference; fileEncoding = 4; lastKnownFileType = sourcecode.c.objc; name = FadeSegue.m; path = src/iadt/segues/FadeSegue.m; sourceTree = "<group>"; };
		7CA44116AECDAA68C3ECB890 /* DeviceUtils.m */ = {isa = PBXFileReference; fileEncoding = 4; lastKnownFileType = sourcecode.c.objc; name = DeviceUtils.m; path = src/utils/DeviceUtils.m; sourceTree = "<group>"; };
		7CA44141612378CC15BDA0E2 /* BasicLibrary.h */ = {isa = PBXFileReference; fileEncoding = 4; lastKnownFileType = sourcecode.c.h; name = BasicLibrary.h; path = src/models/BasicLibrary.h; sourceTree = "<group>"; };
		7CA4414DF1A9060CE207108B /* AppDelegate.m */ = {isa = PBXFileReference; fileEncoding = 4; lastKnownFileType = sourcecode.c.objc; name = AppDelegate.m; path = src/iadt/app/AppDelegate.m; sourceTree = "<group>"; };
		7CA441CF1B972062ACE99F69 /* AppConstants.h */ = {isa = PBXFileReference; fileEncoding = 4; lastKnownFileType = sourcecode.c.h; name = AppConstants.h; path = src/iadt/models/AppConstants.h; sourceTree = "<group>"; };
		7CA44219A3297C11D42F8D45 /* FadeSegue.h */ = {isa = PBXFileReference; fileEncoding = 4; lastKnownFileType = sourcecode.c.h; name = FadeSegue.h; path = src/iadt/segues/FadeSegue.h; sourceTree = "<group>"; };
		7CA4426399B9C8620230B71F /* NavigationBar.m */ = {isa = PBXFileReference; fileEncoding = 4; lastKnownFileType = sourcecode.c.objc; name = NavigationBar.m; path = src/iadt/views/NavigationBar.m; sourceTree = "<group>"; };
		7CA44264604AD8DAB2288331 /* BasicGameViewController.m */ = {isa = PBXFileReference; fileEncoding = 4; lastKnownFileType = sourcecode.c.objc; name = BasicGameViewController.m; path = src/iadt/viewcontrollers/BasicGameViewController.m; sourceTree = "<group>"; };
		7CA442732FB61BD4BF293828 /* LoginViewController.h */ = {isa = PBXFileReference; fileEncoding = 4; lastKnownFileType = sourcecode.c.h; name = LoginViewController.h; path = src/iadt/viewcontrollers/LoginViewController.h; sourceTree = "<group>"; };
		7CA442855C5395A5923EE458 /* BasicModel.h */ = {isa = PBXFileReference; fileEncoding = 4; lastKnownFileType = sourcecode.c.h; name = BasicModel.h; path = src/models/BasicModel.h; sourceTree = "<group>"; };
		7CA442990F2AA1E997E6A4E1 /* BasicViewController.m */ = {isa = PBXFileReference; fileEncoding = 4; lastKnownFileType = sourcecode.c.objc; name = BasicViewController.m; path = src/iadt/viewcontrollers/BasicViewController.m; sourceTree = "<group>"; };
		7CA442FB9EFA1F904332F21F /* BasicWhiteView.m */ = {isa = PBXFileReference; fileEncoding = 4; lastKnownFileType = sourcecode.c.objc; name = BasicWhiteView.m; path = src/views/BasicWhiteView.m; sourceTree = "<group>"; };
		7CA4438AF6C8580B6A8EBE3A /* AppDelegate.h */ = {isa = PBXFileReference; fileEncoding = 4; lastKnownFileType = sourcecode.c.h; name = AppDelegate.h; path = src/iadt/app/AppDelegate.h; sourceTree = "<group>"; };
		7CA443AC3E50A6F9E00C0AA9 /* BasicOperation.h */ = {isa = PBXFileReference; fileEncoding = 4; lastKnownFileType = sourcecode.c.h; name = BasicOperation.h; path = src/operations/BasicOperation.h; sourceTree = "<group>"; };
		7CA443DB00AFD572F2507D89 /* FadePopSegue.m */ = {isa = PBXFileReference; fileEncoding = 4; lastKnownFileType = sourcecode.c.objc; name = FadePopSegue.m; path = src/iadt/segues/FadePopSegue.m; sourceTree = "<group>"; };
		7CA44413B0B4516C0AB86E04 /* NSString+Utils.m */ = {isa = PBXFileReference; fileEncoding = 4; lastKnownFileType = sourcecode.c.objc; name = "NSString+Utils.m"; path = "src/utils/NSString+Utils.m"; sourceTree = "<group>"; };
		7CA44484B988A212F810F07F /* VeryBasicViewController.h */ = {isa = PBXFileReference; fileEncoding = 4; lastKnownFileType = sourcecode.c.h; name = VeryBasicViewController.h; path = src/viewcontrollers/VeryBasicViewController.h; sourceTree = "<group>"; };
		7CA444FF41836A7D7A81A87D /* UIView+Utils.h */ = {isa = PBXFileReference; fileEncoding = 4; lastKnownFileType = sourcecode.c.h; name = "UIView+Utils.h"; path = "src/utils/UIView+Utils.h"; sourceTree = "<group>"; };
		7CA44584CA6CC65C39F3F360 /* NavigationBar.h */ = {isa = PBXFileReference; fileEncoding = 4; lastKnownFileType = sourcecode.c.h; name = NavigationBar.h; path = src/iadt/views/NavigationBar.h; sourceTree = "<group>"; };
		7CA445FA6B9AC7A570AC7D2F /* CBLayer.h */ = {isa = PBXFileReference; fileEncoding = 4; lastKnownFileType = sourcecode.c.h; name = CBLayer.h; path = src/toolkit/CBButtons/CBLayer.h; sourceTree = "<group>"; };
		7CA446926218C11435558B6D /* UIColor+Utils.h */ = {isa = PBXFileReference; fileEncoding = 4; lastKnownFileType = sourcecode.c.h; name = "UIColor+Utils.h"; path = "src/utils/UIColor+Utils.h"; sourceTree = "<group>"; };
		7CA446A4C1BE2393441B06A3 /* TableSection.h */ = {isa = PBXFileReference; fileEncoding = 4; lastKnownFileType = sourcecode.c.h; name = TableSection.h; path = src/table/TableSection.h; sourceTree = "<group>"; };
		7CA44730F67C21B693861BBE /* BasicGameViewController.h */ = {isa = PBXFileReference; fileEncoding = 4; lastKnownFileType = sourcecode.c.h; name = BasicGameViewController.h; path = src/iadt/viewcontrollers/BasicGameViewController.h; sourceTree = "<group>"; };
		7CA447557B77CA37DFF56A01 /* TestFlight.h */ = {isa = PBXFileReference; fileEncoding = 4; lastKnownFileType = sourcecode.c.h; name = TestFlight.h; path = src/toolkit/TestFlight/TestFlight.h; sourceTree = "<group>"; };
		7CA44796EB68CEAD388DFE4B /* MainStoryboard-iPad.storyboard */ = {isa = PBXFileReference; lastKnownFileType = file.storyboard; name = "MainStoryboard-iPad.storyboard"; path = "src/iadt/nibs/MainStoryboard-iPad.storyboard"; sourceTree = "<group>"; };
		7CA4483B1E625AB9B288C093 /* SMPageControl.m */ = {isa = PBXFileReference; fileEncoding = 4; lastKnownFileType = sourcecode.c.objc; name = SMPageControl.m; path = src/toolkit/SMPageControl/SMPageControl.m; sourceTree = "<group>"; };
		7CA4485C7E2245A6C8BFC993 /* TextField.h */ = {isa = PBXFileReference; fileEncoding = 4; lastKnownFileType = sourcecode.c.h; name = TextField.h; path = src/controls/TextField.h; sourceTree = "<group>"; };
		7CA44885B9DFB52AF710F452 /* GameIntroView.m */ = {isa = PBXFileReference; fileEncoding = 4; lastKnownFileType = sourcecode.c.objc; name = GameIntroView.m; path = src/iadt/views/GameIntroView.m; sourceTree = "<group>"; };
		7CA449140D01EB85726D8D17 /* SaveToDocuments.m */ = {isa = PBXFileReference; fileEncoding = 4; lastKnownFileType = sourcecode.c.objc; name = SaveToDocuments.m; path = src/iadt/operations/SaveToDocuments.m; sourceTree = "<group>"; };
		7CA4493BD6ACF6FEA66A39F9 /* CBLayer.m */ = {isa = PBXFileReference; fileEncoding = 4; lastKnownFileType = sourcecode.c.objc; name = CBLayer.m; path = src/toolkit/CBButtons/CBLayer.m; sourceTree = "<group>"; };
		7CA44980FE87FCCAA06DE2B5 /* sucessItems.plist */ = {isa = PBXFileReference; fileEncoding = 4; lastKnownFileType = text.plist; name = sucessItems.plist; path = assets/_plists/sucessItems.plist; sourceTree = "<group>"; };
		7CA449AB0EEA64E50D9B7E84 /* UIColor+Utils.m */ = {isa = PBXFileReference; fileEncoding = 4; lastKnownFileType = sourcecode.c.objc; name = "UIColor+Utils.m"; path = "src/utils/UIColor+Utils.m"; sourceTree = "<group>"; };
		7CA44A210007019B4258F7E9 /* Model.h */ = {isa = PBXFileReference; fileEncoding = 4; lastKnownFileType = sourcecode.c.h; name = Model.h; path = src/iadt/models/Model.h; sourceTree = "<group>"; };
		7CA44A41707BFB31F54F96BF /* DeviceUtils.h */ = {isa = PBXFileReference; fileEncoding = 4; lastKnownFileType = sourcecode.c.h; name = DeviceUtils.h; path = src/utils/DeviceUtils.h; sourceTree = "<group>"; };
		7CA44A597255E591874F395D /* libTestFlight.a */ = {isa = PBXFileReference; lastKnownFileType = archive.ar; name = libTestFlight.a; path = src/toolkit/TestFlight/libTestFlight.a; sourceTree = "<group>"; };
		7CA44A86697D7622DD344CBB /* BasicWhiteView.h */ = {isa = PBXFileReference; fileEncoding = 4; lastKnownFileType = sourcecode.c.h; name = BasicWhiteView.h; path = src/views/BasicWhiteView.h; sourceTree = "<group>"; };
		7CA44AFDF317F3DDC298D272 /* TableRowObject.m */ = {isa = PBXFileReference; fileEncoding = 4; lastKnownFileType = sourcecode.c.objc; name = TableRowObject.m; path = src/table/TableRowObject.m; sourceTree = "<group>"; };
		7CA44BA0A8AF0F496DA50559 /* TextField.m */ = {isa = PBXFileReference; fileEncoding = 4; lastKnownFileType = sourcecode.c.objc; name = TextField.m; path = src/controls/TextField.m; sourceTree = "<group>"; };
		7CA44BA33B63A9E57E509D2C /* TableSection.m */ = {isa = PBXFileReference; fileEncoding = 4; lastKnownFileType = sourcecode.c.objc; name = TableSection.m; path = src/table/TableSection.m; sourceTree = "<group>"; };
		7CA44BDA30F1BBE3F1C5A218 /* BasicView.h */ = {isa = PBXFileReference; fileEncoding = 4; lastKnownFileType = sourcecode.c.h; name = BasicView.h; path = src/views/BasicView.h; sourceTree = "<group>"; };
		7CA44C33806448F4A0C2A111 /* BasicModel.m */ = {isa = PBXFileReference; fileEncoding = 4; lastKnownFileType = sourcecode.c.objc; name = BasicModel.m; path = src/models/BasicModel.m; sourceTree = "<group>"; };
		7CA44C54A3156CA9E9116E42 /* BasicView.m */ = {isa = PBXFileReference; fileEncoding = 4; lastKnownFileType = sourcecode.c.objc; name = BasicView.m; path = src/views/BasicView.m; sourceTree = "<group>"; };
		7CA44C84DED4255E14E5AE11 /* SaveToDocuments.h */ = {isa = PBXFileReference; fileEncoding = 4; lastKnownFileType = sourcecode.c.h; name = SaveToDocuments.h; path = src/iadt/operations/SaveToDocuments.h; sourceTree = "<group>"; };
		7CA44D5706437760E20A9845 /* Model.m */ = {isa = PBXFileReference; fileEncoding = 4; lastKnownFileType = sourcecode.c.objc; name = Model.m; path = src/iadt/models/Model.m; sourceTree = "<group>"; };
		7CA44D892F9FE1E7054E20D3 /* FadePopSegue.h */ = {isa = PBXFileReference; fileEncoding = 4; lastKnownFileType = sourcecode.c.h; name = FadePopSegue.h; path = src/iadt/segues/FadePopSegue.h; sourceTree = "<group>"; };
		7CA44D8F8408EA95DDA9C41C /* VeryBasicViewController.m */ = {isa = PBXFileReference; fileEncoding = 4; lastKnownFileType = sourcecode.c.objc; name = VeryBasicViewController.m; path = src/viewcontrollers/VeryBasicViewController.m; sourceTree = "<group>"; };
		7CA44D998257E1E02D40D2FA /* NSString+Utils.h */ = {isa = PBXFileReference; fileEncoding = 4; lastKnownFileType = sourcecode.c.h; name = "NSString+Utils.h"; path = "src/utils/NSString+Utils.h"; sourceTree = "<group>"; };
		7CA44D9F87CCD8B9679F1F2F /* UIView+Utils.m */ = {isa = PBXFileReference; fileEncoding = 4; lastKnownFileType = sourcecode.c.objc; name = "UIView+Utils.m"; path = "src/utils/UIView+Utils.m"; sourceTree = "<group>"; };
		7CA44F108609679CF5D210EE /* TableRowObject.h */ = {isa = PBXFileReference; fileEncoding = 4; lastKnownFileType = sourcecode.c.h; name = TableRowObject.h; path = src/table/TableRowObject.h; sourceTree = "<group>"; };
		7CA44F33CB13E6757AF85455 /* BasicViewController.h */ = {isa = PBXFileReference; fileEncoding = 4; lastKnownFileType = sourcecode.c.h; name = BasicViewController.h; path = src/iadt/viewcontrollers/BasicViewController.h; sourceTree = "<group>"; };
		7CA44F4C3BAB96C5940B8B7A /* BasicOperation.m */ = {isa = PBXFileReference; fileEncoding = 4; lastKnownFileType = sourcecode.c.objc; name = BasicOperation.m; path = src/operations/BasicOperation.m; sourceTree = "<group>"; };
/* End PBXFileReference section */

/* Begin PBXFrameworksBuildPhase section */
		0346ACB9166EB0E000A00BC4 /* Frameworks */ = {
			isa = PBXFrameworksBuildPhase;
			buildActionMask = 2147483647;
			files = (
				0348A7F916794AA700BDC6A3 /* libz.dylib in Frameworks */,
				0348A7E31679497B00BDC6A3 /* QuartzCore.framework in Frameworks */,
				0346ACC1166EB0E000A00BC4 /* UIKit.framework in Frameworks */,
				0346ACC3166EB0E000A00BC4 /* Foundation.framework in Frameworks */,
				0346ACC5166EB0E000A00BC4 /* CoreGraphics.framework in Frameworks */,
				7CA4415ADF7573D4378B298C /* libTestFlight.a in Frameworks */,
			);
			runOnlyForDeploymentPostprocessing = 0;
		};
/* End PBXFrameworksBuildPhase section */

/* Begin PBXGroup section */
		0346ACB1166EB0DF00A00BC4 = {
			isa = PBXGroup;
			children = (
				033FE87C1680C0CD00F370BB /* NavigationBar.xib */,
				03FE7791167FD521007880E1 /* data.plist */,
				03FE777E167FC6F8007880E1 /* GameIntroView.xib */,
				0346ACC6166EB0E000A00BC4 /* BasicProject */,
				03150127166EB4960025F1F7 /* src */,
				03150125166EB4960025F1F7 /* assets */,
				03150126166EB4960025F1F7 /* scripts */,
				0346ACBF166EB0E000A00BC4 /* Frameworks */,
				0346ACBD166EB0E000A00BC4 /* Products */,
				7CA44484B988A212F810F07F /* VeryBasicViewController.h */,
				7CA44D8F8408EA95DDA9C41C /* VeryBasicViewController.m */,
				7CA44C33806448F4A0C2A111 /* BasicModel.m */,
				7CA442855C5395A5923EE458 /* BasicModel.h */,
				7CA440002B6DADB5E265A341 /* BasicLibrary.m */,
				7CA44141612378CC15BDA0E2 /* BasicLibrary.h */,
				7CA44F4C3BAB96C5940B8B7A /* BasicOperation.m */,
				7CA443AC3E50A6F9E00C0AA9 /* BasicOperation.h */,
				7CA444FF41836A7D7A81A87D /* UIView+Utils.h */,
				7CA44D9F87CCD8B9679F1F2F /* UIView+Utils.m */,
				7CA446926218C11435558B6D /* UIColor+Utils.h */,
				7CA449AB0EEA64E50D9B7E84 /* UIColor+Utils.m */,
				7CA44C54A3156CA9E9116E42 /* BasicView.m */,
				7CA44BDA30F1BBE3F1C5A218 /* BasicView.h */,
				7CA44F108609679CF5D210EE /* TableRowObject.h */,
				7CA44AFDF317F3DDC298D272 /* TableRowObject.m */,
				7CA446A4C1BE2393441B06A3 /* TableSection.h */,
				7CA44BA33B63A9E57E509D2C /* TableSection.m */,
				7CA4493BD6ACF6FEA66A39F9 /* CBLayer.m */,
				7CA445FA6B9AC7A570AC7D2F /* CBLayer.h */,
				7CA447557B77CA37DFF56A01 /* TestFlight.h */,
				7CA44A41707BFB31F54F96BF /* DeviceUtils.h */,
				7CA44116AECDAA68C3ECB890 /* DeviceUtils.m */,
				7CA44F33CB13E6757AF85455 /* BasicViewController.h */,
				7CA442990F2AA1E997E6A4E1 /* BasicViewController.m */,
				7CA44A210007019B4258F7E9 /* Model.h */,
				7CA44D5706437760E20A9845 /* Model.m */,
				7CA441CF1B972062ACE99F69 /* AppConstants.h */,
				7CA44796EB68CEAD388DFE4B /* MainStoryboard-iPad.storyboard */,
				7CA44014CCBC3A38320655B2 /* MainStoryboard.storyboard */,
				7CA4414DF1A9060CE207108B /* AppDelegate.m */,
				7CA4438AF6C8580B6A8EBE3A /* AppDelegate.h */,
				7CA44264604AD8DAB2288331 /* BasicGameViewController.m */,
				7CA44730F67C21B693861BBE /* BasicGameViewController.h */,
				7CA440E563D2F0A2B1B17E26 /* LoginViewController.m */,
				7CA442732FB61BD4BF293828 /* LoginViewController.h */,
				7CA44885B9DFB52AF710F452 /* GameIntroView.m */,
				7CA4406241E474C59116F5DE /* GameIntroView.h */,
				7CA4410F635493B84B31AEC0 /* FadeSegue.m */,
				7CA44219A3297C11D42F8D45 /* FadeSegue.h */,
				7CA443DB00AFD572F2507D89 /* FadePopSegue.m */,
				7CA44D892F9FE1E7054E20D3 /* FadePopSegue.h */,
				7CA44A86697D7622DD344CBB /* BasicWhiteView.h */,
				7CA442FB9EFA1F904332F21F /* BasicWhiteView.m */,
				7CA4426399B9C8620230B71F /* NavigationBar.m */,
				7CA44584CA6CC65C39F3F360 /* NavigationBar.h */,
				7CA4400AD444B389E28A8689 /* SMPageControl.h */,
				7CA4483B1E625AB9B288C093 /* SMPageControl.m */,
				7CA449140D01EB85726D8D17 /* SaveToDocuments.m */,
				7CA44C84DED4255E14E5AE11 /* SaveToDocuments.h */,
				7CA44413B0B4516C0AB86E04 /* NSString+Utils.m */,
				7CA44D998257E1E02D40D2FA /* NSString+Utils.h */,
				7CA4485C7E2245A6C8BFC993 /* TextField.h */,
				7CA44BA0A8AF0F496DA50559 /* TextField.m */,
				7CA44980FE87FCCAA06DE2B5 /* sucessItems.plist */,
			);
			sourceTree = "<group>";
		};
		0346ACBD166EB0E000A00BC4 /* Products */ = {
			isa = PBXGroup;
			children = (
				0346ACBC166EB0E000A00BC4 /* IADT.app */,
			);
			name = Products;
			sourceTree = "<group>";
		};
		0346ACBF166EB0E000A00BC4 /* Frameworks */ = {
			isa = PBXGroup;
			children = (
				0348A7F816794AA700BDC6A3 /* libz.dylib */,
				7CA44A597255E591874F395D /* libTestFlight.a */,
				0348A7E21679497B00BDC6A3 /* QuartzCore.framework */,
				0346ACC0166EB0E000A00BC4 /* UIKit.framework */,
				0346ACC2166EB0E000A00BC4 /* Foundation.framework */,
				0346ACC4166EB0E000A00BC4 /* CoreGraphics.framework */,
			);
			name = Frameworks;
			sourceTree = "<group>";
		};
		0346ACC6166EB0E000A00BC4 /* BasicProject */ = {
			isa = PBXGroup;
			children = (
				0346ACC7166EB0E000A00BC4 /* Supporting Files */,
			);
			path = BasicProject;
			sourceTree = "<group>";
		};
		0346ACC7166EB0E000A00BC4 /* Supporting Files */ = {
			isa = PBXGroup;
			children = (
				0346ACC8166EB0E000A00BC4 /* IADT-Info.plist */,
				0346ACC9166EB0E000A00BC4 /* InfoPlist.strings */,
				0346ACCC166EB0E000A00BC4 /* main.m */,
				0346ACCE166EB0E000A00BC4 /* IADT-Prefix.pch */,
				0346ACD2166EB0E000A00BC4 /* Default.png */,
				0346ACD4166EB0E000A00BC4 /* Default@2x.png */,
				0346ACD6166EB0E000A00BC4 /* Default-568h@2x.png */,
			);
			name = "Supporting Files";
			sourceTree = "<group>";
		};
/* End PBXGroup section */

/* Begin PBXNativeTarget section */
		0346ACBB166EB0E000A00BC4 /* IADT */ = {
			isa = PBXNativeTarget;
			buildConfigurationList = 0346ACDA166EB0E000A00BC4 /* Build configuration list for PBXNativeTarget "IADT" */;
			buildPhases = (
				0346ACB8166EB0E000A00BC4 /* Sources */,
				0346ACB9166EB0E000A00BC4 /* Frameworks */,
				0346ACBA166EB0E000A00BC4 /* Resources */,
				0346ACE9166EB1F700A00BC4 /* ShellScript */,
			);
			buildRules = (
			);
			dependencies = (
			);
			name = IADT;
			productName = BasicProject;
			productReference = 0346ACBC166EB0E000A00BC4 /* IADT.app */;
			productType = "com.apple.product-type.application";
		};
/* End PBXNativeTarget section */

/* Begin PBXProject section */
		0346ACB3166EB0DF00A00BC4 /* Project object */ = {
			isa = PBXProject;
			attributes = {
				LastUpgradeCheck = 0450;
				ORGANIZATIONNAME = "Daniela Postigo";
			};
			buildConfigurationList = 0346ACB6166EB0DF00A00BC4 /* Build configuration list for PBXProject "IADT" */;
			compatibilityVersion = "Xcode 3.2";
			developmentRegion = English;
			hasScannedForEncodings = 0;
			knownRegions = (
				en,
			);
			mainGroup = 0346ACB1166EB0DF00A00BC4;
			productRefGroup = 0346ACBD166EB0E000A00BC4 /* Products */;
			projectDirPath = "";
			projectRoot = "";
			targets = (
				0346ACBB166EB0E000A00BC4 /* IADT */,
			);
		};
/* End PBXProject section */

/* Begin PBXResourcesBuildPhase section */
		0346ACBA166EB0E000A00BC4 /* Resources */ = {
			isa = PBXResourcesBuildPhase;
			buildActionMask = 2147483647;
			files = (
				0346ACCB166EB0E000A00BC4 /* InfoPlist.strings in Resources */,
				0346ACD3166EB0E000A00BC4 /* Default.png in Resources */,
				0346ACD5166EB0E000A00BC4 /* Default@2x.png in Resources */,
				0346ACD7166EB0E000A00BC4 /* Default-568h@2x.png in Resources */,
				03150128166EB4960025F1F7 /* assets in Resources */,
				03150129166EB4960025F1F7 /* scripts in Resources */,
				0315012A166EB4960025F1F7 /* src in Resources */,
				7CA447311154A76C89947D6A /* MainStoryboard-iPad.storyboard in Resources */,
				7CA4467DA3E6DD6301C4CDAA /* MainStoryboard.storyboard in Resources */,
				03FE777F167FC6F8007880E1 /* GameIntroView.xib in Resources */,
				03FE7792167FD521007880E1 /* data.plist in Resources */,
				033FE87D1680C0CD00F370BB /* NavigationBar.xib in Resources */,
				7CA445406D3E75AAF6043038 /* sucessItems.plist in Resources */,
			);
			runOnlyForDeploymentPostprocessing = 0;
		};
/* End PBXResourcesBuildPhase section */

/* Begin PBXShellScriptBuildPhase section */
		0346ACE9166EB1F700A00BC4 /* ShellScript */ = {
			isa = PBXShellScriptBuildPhase;
			buildActionMask = 2147483647;
			files = (
			);
			inputPaths = (
			);
			outputPaths = (
			);
			runOnlyForDeploymentPostprocessing = 0;
			shellPath = /bin/sh;
			shellScript = "/bin/sh \"${SRCROOT}/scripts/import_script.sh\"";
		};
/* End PBXShellScriptBuildPhase section */

/* Begin PBXSourcesBuildPhase section */
		0346ACB8166EB0E000A00BC4 /* Sources */ = {
			isa = PBXSourcesBuildPhase;
			buildActionMask = 2147483647;
			files = (
				0346ACCD166EB0E000A00BC4 /* main.m in Sources */,
				7CA4482FDE62A01D41B9E656 /* VeryBasicViewController.m in Sources */,
				7CA44EE395A2AA60A31497A0 /* BasicModel.m in Sources */,
				7CA444EFC09F4ACD21C2075D /* BasicLibrary.m in Sources */,
				7CA44E1961E49C8E043CA613 /* BasicOperation.m in Sources */,
				7CA447A5308915D7E620B4A0 /* UIView+Utils.m in Sources */,
				7CA440776EC534B3540FB8EC /* UIColor+Utils.m in Sources */,
				7CA4440A343B1402518E4DC4 /* BasicView.m in Sources */,
				7CA446617542C572C67264A0 /* TableRowObject.m in Sources */,
				7CA449A2BD72FBBBC073F151 /* TableSection.m in Sources */,
				7CA44B1B3467798FF75BC435 /* CBLayer.m in Sources */,
				7CA44E2204AFBF78BCA6CB11 /* DeviceUtils.m in Sources */,
				7CA440E254B01B33FE39F442 /* BasicViewController.m in Sources */,
				7CA44FFDE73B695A02476E21 /* Model.m in Sources */,
				7CA44E7E7FB6C20E1857B39F /* AppDelegate.m in Sources */,
				7CA44F7CF463A45366031903 /* BasicGameViewController.m in Sources */,
				7CA44B0A1B601296C72962A6 /* LoginViewController.m in Sources */,
				7CA44FB16A4A79AA19F1C403 /* GameIntroView.m in Sources */,
				7CA448862A67B04F9282C516 /* FadeSegue.m in Sources */,
				7CA447B89EEE978B2490D2BE /* FadePopSegue.m in Sources */,
				7CA44620779D3129B47EEB21 /* BasicWhiteView.m in Sources */,
				7CA446C63D29BBAA3CE5B8A8 /* NavigationBar.m in Sources */,
				7CA445EDB0F9FFA969AAB05D /* SMPageControl.m in Sources */,
				7CA441F29B57A8FA76255435 /* SaveToDocuments.m in Sources */,
				7CA44C7BD5DE11418AE7DA65 /* NSString+Utils.m in Sources */,
				7CA446D67311D0A6D76D7D45 /* TextField.m in Sources */,
			);
			runOnlyForDeploymentPostprocessing = 0;
		};
/* End PBXSourcesBuildPhase section */

/* Begin PBXVariantGroup section */
		0346ACC9166EB0E000A00BC4 /* InfoPlist.strings */ = {
			isa = PBXVariantGroup;
			children = (
				0346ACCA166EB0E000A00BC4 /* en */,
			);
			name = InfoPlist.strings;
			sourceTree = "<group>";
		};
/* End PBXVariantGroup section */

/* Begin XCBuildConfiguration section */
		0346ACD8166EB0E000A00BC4 /* Debug */ = {
			isa = XCBuildConfiguration;
			buildSettings = {
				ALWAYS_SEARCH_USER_PATHS = NO;
				CLANG_CXX_LANGUAGE_STANDARD = "gnu++0x";
				CLANG_CXX_LIBRARY = "libc++";
				CLANG_ENABLE_OBJC_ARC = YES;
				CLANG_WARN_EMPTY_BODY = YES;
				CLANG_WARN__DUPLICATE_METHOD_MATCH = YES;
				"CODE_SIGN_IDENTITY[sdk=iphoneos*]" = "iPhone Developer";
				COPY_PHASE_STRIP = NO;
				GCC_C_LANGUAGE_STANDARD = gnu99;
				GCC_DYNAMIC_NO_PIC = NO;
				GCC_OPTIMIZATION_LEVEL = 0;
				GCC_PREPROCESSOR_DEFINITIONS = (
					"DEBUG=1",
					"$(inherited)",
				);
				GCC_SYMBOLS_PRIVATE_EXTERN = NO;
				GCC_WARN_ABOUT_RETURN_TYPE = YES;
				GCC_WARN_UNINITIALIZED_AUTOS = YES;
				GCC_WARN_UNUSED_VARIABLE = YES;
				IPHONEOS_DEPLOYMENT_TARGET = 6.0;
				ONLY_ACTIVE_ARCH = YES;
				SDKROOT = iphoneos;
				TARGETED_DEVICE_FAMILY = 2;
			};
			name = Debug;
		};
		0346ACD9166EB0E000A00BC4 /* Release */ = {
			isa = XCBuildConfiguration;
			buildSettings = {
				ALWAYS_SEARCH_USER_PATHS = NO;
				CLANG_CXX_LANGUAGE_STANDARD = "gnu++0x";
				CLANG_CXX_LIBRARY = "libc++";
				CLANG_ENABLE_OBJC_ARC = YES;
				CLANG_WARN_EMPTY_BODY = YES;
				CLANG_WARN__DUPLICATE_METHOD_MATCH = YES;
				"CODE_SIGN_IDENTITY[sdk=iphoneos*]" = "iPhone Developer";
				COPY_PHASE_STRIP = YES;
				GCC_C_LANGUAGE_STANDARD = gnu99;
				GCC_WARN_ABOUT_RETURN_TYPE = YES;
				GCC_WARN_UNINITIALIZED_AUTOS = YES;
				GCC_WARN_UNUSED_VARIABLE = YES;
				IPHONEOS_DEPLOYMENT_TARGET = 6.0;
				OTHER_CFLAGS = "-DNS_BLOCK_ASSERTIONS=1";
				SDKROOT = iphoneos;
				TARGETED_DEVICE_FAMILY = 2;
				VALIDATE_PRODUCT = YES;
			};
			name = Release;
		};
		0346ACDB166EB0E000A00BC4 /* Debug */ = {
			isa = XCBuildConfiguration;
			buildSettings = {
				"CODE_SIGN_IDENTITY[sdk=iphoneos*]" = "iPhone Developer: Daniela Postigo (64Z2RX7572)";
				GCC_PRECOMPILE_PREFIX_HEADER = YES;
				GCC_PREFIX_HEADER = "BasicProject/IADT-Prefix.pch";
				GCC_PREPROCESSOR_DEFINITIONS = (
					"TESTFLIGHT_ENABLED=1",
					"DEBUG=1",
					"$(inherited)",
				);
				INFOPLIST_FILE = "BasicProject/IADT-Info.plist";
				LIBRARY_SEARCH_PATHS = (
					"\"${PROJECT_DIR}/src/toolkit/TestFlight\"/**",
					"\"${PROJECT_DIR}/src/toolkit/TestFlight\"/**",
				);
				PRODUCT_NAME = IADT;
				"PROVISIONING_PROFILE[sdk=iphoneos*]" = "8F90C656-4FC9-4EF5-BCB5-9E09CED63988";
				TARGETED_DEVICE_FAMILY = 2;
				WRAPPER_EXTENSION = app;
			};
			name = Debug;
		};
		0346ACDC166EB0E000A00BC4 /* Release */ = {
			isa = XCBuildConfiguration;
			buildSettings = {
				"CODE_SIGN_IDENTITY[sdk=iphoneos*]" = "iPhone Developer: Daniela Postigo (64Z2RX7572)";
				GCC_PRECOMPILE_PREFIX_HEADER = YES;
				GCC_PREFIX_HEADER = "BasicProject/IADT-Prefix.pch";
				GCC_PREPROCESSOR_DEFINITIONS = (
					"TESTFLIGHT_ENABLED=1",
					"DEBUG=0",
				);
				INFOPLIST_FILE = "BasicProject/IADT-Info.plist";
				LIBRARY_SEARCH_PATHS = (
					"\"${PROJECT_DIR}/src/toolkit/TestFlight\"/**",
					"\"${PROJECT_DIR}/src/toolkit/TestFlight\"/**",
				);
				PRODUCT_NAME = IADT;
				"PROVISIONING_PROFILE[sdk=iphoneos*]" = "8F90C656-4FC9-4EF5-BCB5-9E09CED63988";
				TARGETED_DEVICE_FAMILY = 2;
				WRAPPER_EXTENSION = app;
			};
			name = Release;
		};
		0348A7E5167949F600BDC6A3 /* AppStore */ = {
			isa = XCBuildConfiguration;
			buildSettings = {
				ALWAYS_SEARCH_USER_PATHS = NO;
				CLANG_CXX_LANGUAGE_STANDARD = "gnu++0x";
				CLANG_CXX_LIBRARY = "libc++";
				CLANG_ENABLE_OBJC_ARC = YES;
				CLANG_WARN_EMPTY_BODY = YES;
				CLANG_WARN__DUPLICATE_METHOD_MATCH = YES;
				"CODE_SIGN_IDENTITY[sdk=iphoneos*]" = "iPhone Developer";
				COPY_PHASE_STRIP = YES;
				GCC_C_LANGUAGE_STANDARD = gnu99;
				GCC_WARN_ABOUT_RETURN_TYPE = YES;
				GCC_WARN_UNINITIALIZED_AUTOS = YES;
				GCC_WARN_UNUSED_VARIABLE = YES;
				IPHONEOS_DEPLOYMENT_TARGET = 6.0;
				OTHER_CFLAGS = "-DNS_BLOCK_ASSERTIONS=1";
				SDKROOT = iphoneos;
				TARGETED_DEVICE_FAMILY = 2;
				VALIDATE_PRODUCT = YES;
			};
			name = AppStore;
		};
		0348A7E6167949F600BDC6A3 /* AppStore */ = {
			isa = XCBuildConfiguration;
			buildSettings = {
				"CODE_SIGN_IDENTITY[sdk=iphoneos*]" = "";
				GCC_PRECOMPILE_PREFIX_HEADER = YES;
				GCC_PREFIX_HEADER = "BasicProject/IADT-Prefix.pch";
				GCC_PREPROCESSOR_DEFINITIONS = "DEBUG=0";
				INFOPLIST_FILE = "BasicProject/IADT-Info.plist";
				LIBRARY_SEARCH_PATHS = (
					"\"${PROJECT_DIR}/src/toolkit/TestFlight\"/**",
					"\"${PROJECT_DIR}/src/toolkit/TestFlight\"/**",
				);
				PRODUCT_NAME = IADT;
				TARGETED_DEVICE_FAMILY = 2;
				WRAPPER_EXTENSION = app;
			};
			name = AppStore;
		};
/* End XCBuildConfiguration section */

/* Begin XCConfigurationList section */
		0346ACB6166EB0DF00A00BC4 /* Build configuration list for PBXProject "IADT" */ = {
			isa = XCConfigurationList;
			buildConfigurations = (
				0346ACD8166EB0E000A00BC4 /* Debug */,
				0346ACD9166EB0E000A00BC4 /* Release */,
				0348A7E5167949F600BDC6A3 /* AppStore */,
			);
			defaultConfigurationIsVisible = 0;
			defaultConfigurationName = Release;
		};
		0346ACDA166EB0E000A00BC4 /* Build configuration list for PBXNativeTarget "IADT" */ = {
			isa = XCConfigurationList;
			buildConfigurations = (
				0346ACDB166EB0E000A00BC4 /* Debug */,
				0346ACDC166EB0E000A00BC4 /* Release */,
				0348A7E6167949F600BDC6A3 /* AppStore */,
			);
			defaultConfigurationIsVisible = 0;
			defaultConfigurationName = Release;
		};
/* End XCConfigurationList section */
	};
	rootObject = 0346ACB3166EB0DF00A00BC4 /* Project object */;
}
